
Microsoft Visual Studio Solution File, Format Version 12.00
# Visual Studio Version 17
VisualStudioVersion = 17.9.34714.143
MinimumVisualStudioVersion = 10.0.40219.1
Project("{9A19103F-16F7-4668-BE54-9A1E7A4F7556}") = "MockupDBServer", "MockupServer\MockupDBServer.csproj", "{EF8A2CD7-C018-477A-96F3-375AA7C02500}"
EndProject
Global
	GlobalSection(SolutionConfigurationPlatforms) = preSolution
		Debug|Any CPU = Debug|Any CPU
		Release|Any CPU = Release|Any CPU
	EndGlobalSection
	GlobalSection(ProjectConfigurationPlatforms) = postSolution
		{EF8A2CD7-C018-477A-96F3-375AA7C02500}.Debug|Any CPU.ActiveCfg = Debug|Any CPU
		{EF8A2CD7-C018-477A-96F3-375AA7C02500}.Debug|Any CPU.Build.0 = Debug|Any CPU
		{EF8A2CD7-C018-477A-96F3-375AA7C02500}.Release|Any CPU.ActiveCfg = Release|Any CPU
		{EF8A2CD7-C018-477A-96F3-375AA7C02500}.Release|Any CPU.Build.0 = Release|Any CPU
	EndGlobalSection
	GlobalSection(SolutionProperties) = preSolution
		HideSolutionNode = FALSE
	EndGlobalSection
	GlobalSection(ExtensibilityGlobals) = postSolution
		SolutionGuid = {0AA3B5C6-C828-4E99-9609-65D1BB6AD1A9}
	EndGlobalSection
EndGlobal
